
Microsoft Visual Studio Solution File, Format Version 12.00
# Visual Studio 15
VisualStudioVersion = 15.0.27703.2018
MinimumVisualStudioVersion = 10.0.40219.1
Project("{8BC9CEB8-8B4A-11D0-8D11-00A0C91BC942}") = "example", "example.vcxproj", "{52CF0CE8-4253-4CB4-9E2A-D7D0C3D0A0F5}"
EndProject
Global
	GlobalSection(SolutionConfigurationPlatforms) = preSolution
		Debug|x64 = Debug|x64
		InternalTest|x64 = InternalTest|x64
		InternalTestDebug|x64 = InternalTestDebug|x64
		Release|x64 = Release|x64
	EndGlobalSection
	GlobalSection(ProjectConfigurationPlatforms) = postSolution
		{52CF0CE8-4253-4CB4-9E2A-D7D0C3D0A0F5}.Debug|x64.ActiveCfg = Debug|x64
		{52CF0CE8-4253-4CB4-9E2A-D7D0C3D0A0F5}.Debug|x64.Build.0 = Debug|x64
		{52CF0CE8-4253-4CB4-9E2A-D7D0C3D0A0F5}.InternalTest|x64.ActiveCfg = InternalTest|x64
		{52CF0CE8-4253-4CB4-9E2A-D7D0C3D0A0F5}.InternalTest|x64.Build.0 = InternalTest|x64
		{52CF0CE8-4253-4CB4-9E2A-D7D0C3D0A0F5}.InternalTestDebug|x64.ActiveCfg = InternalTestDebug|x64
		{52CF0CE8-4253-4CB4-9E2A-D7D0C3D0A0F5}.InternalTestDebug|x64.Build.0 = InternalTestDebug|x64
		{52CF0CE8-4253-4CB4-9E2A-D7D0C3D0A0F5}.Release|x64.ActiveCfg = Release|x64
		{52CF0CE8-4253-4CB4-9E2A-D7D0C3D0A0F5}.Release|x64.Build.0 = Release|x64
	EndGlobalSection
	GlobalSection(SolutionProperties) = preSolution
		HideSolutionNode = FALSE
	EndGlobalSection
	GlobalSection(ExtensibilityGlobals) = postSolution
		SolutionGuid = {768C09F2-4AC1-4000-A294-40D6C9A36CC5}
	EndGlobalSection
EndGlobal
